{
  "name": "test-deps-installer",
  "version": "1.0.0",
  "lockfileVersion": 1,
  "requires": true,
  "dependencies": {
    "commander": {
      "version": "6.2.0",
      "resolved": "https://registry.npmjs.org/commander/-/commander-6.2.0.tgz",
      "integrity": "sha512-zP4jEKbe8SHzKJYQmq8Y9gYjtO/POJLgIdKgV7B9qNmABVFVc+ctqSX6iXh4mCpJfRBOabiZ2YKPg8ciDw6C+Q==",
      "dev": true
    },
    "fsevents": {
      "version": "2.3.2",
      "resolved": "https://registry.npmjs.org/fsevents/-/fsevents-2.3.2.tgz",
      "integrity": "sha512-xiqMQR4xAeHTuB9uWm+fFRcIOgKBMiOBP+eXiyT7jsgVCq1bkVygt00oASowB7EdtpOHaaPgKt812P9ab+DDKA==",
      "dev": true,
      "optional": true
    },
    "globalyzer": {
      "version": "0.1.0",
      "resolved": "https://registry.npmjs.org/globalyzer/-/globalyzer-0.1.0.tgz",
      "integrity": "sha512-40oNTM9UfG6aBmuKxk/giHn5nQ8RVz/SS4Ir6zgzOv9/qC3kKZ9v4etGTcJbEl/NyVQH7FGU7d+X1egr57Md2Q==",
      "dev": true
    },
    "globrex": {
      "version": "0.1.2",
      "resolved": "https://registry.npmjs.org/globrex/-/globrex-0.1.2.tgz",
      "integrity": "sha512-uHJgbwAMwNFf5mLst7IWLNg14x1CkeqglJb/K3doi4dw6q2IvAAmM/Y81kevy83wP+Sst+nutFTYOGg3d1lsxg==",
      "dev": true
    },
    "js-reporters": {
      "version": "1.2.3",
      "resolved": "https://registry.npmjs.org/js-reporters/-/js-reporters-1.2.3.tgz",
      "integrity": "sha512-2YzWkHbbRu6LueEs5ZP3P1LqbECvAeUJYrjw3H4y1ofW06hqCS0AbzBtLwbr+Hke51bt9CUepJ/Fj1hlCRIF6A==",
      "dev": true
    },
    "node-watch": {
      "version": "0.7.1",
      "resolved": "https://registry.npmjs.org/node-watch/-/node-watch-0.7.1.tgz",
      "integrity": "sha512-UWblPYuZYrkCQCW5PxAwYSxaELNBLUckrTBBk8xr1/bUgyOkYYTsUcV4e3ytcazFEOyiRyiUrsG37pu6I0I05g==",
      "dev": true
    },
    "qunit": {
      "version": "2.14.0",
      "resolved": "https://registry.npmjs.org/qunit/-/qunit-2.14.0.tgz",
      "integrity": "sha512-CYfenbgdpmhl2Ql2rDrrj0felY4h8k6lYhtWwGBCLL4qQC33YOj0psV8MWo85L1i0SIOmEDRXkFopWnGCLmf7g==",
      "dev": true,
      "requires": {
        "commander": "6.2.0",
        "js-reporters": "1.2.3",
        "node-watch": "0.7.1",
        "tiny-glob": "0.2.8"
      }
    },
    "rollup": {
      "version": "2.39.0",
      "resolved": "https://registry.npmjs.org/rollup/-/rollup-2.39.0.tgz",
      "integrity": "sha512-+WR3bttcq7zE+BntH09UxaW3bQo3vItuYeLsyk4dL2tuwbeSKJuvwiawyhEnvRdRgrII0Uzk00FpctHO/zB1kw==",
      "dev": true,
      "requires": {
        "fsevents": "~2.3.1"
      }
    },
    "tiny-glob": {
      "version": "0.2.8",
      "resolved": "https://registry.npmjs.org/tiny-glob/-/tiny-glob-0.2.8.tgz",
      "integrity": "sha512-vkQP7qOslq63XRX9kMswlby99kyO5OvKptw7AMwBVMjXEI7Tb61eoI5DydyEMOseyGS5anDN1VPoVxEvH01q8w==",
      "dev": true,
      "requires": {
        "globalyzer": "0.1.0",
        "globrex": "^0.1.2"
      }
    }
  }
}
